// !$*UTF8*$!
{
	archiveVersion = 1;
	classes = {
	};
	objectVersion = 50;
	objects = {

/* Begin PBXBuildFile section */
		FA9D2B7221064FF2008ED1EE /* AppDelegate.swift in Sources */ = {isa = PBXBuildFile; fileRef = FA9D2B7121064FF2008ED1EE /* AppDelegate.swift */; };
		FA9D2B7421064FF2008ED1EE /* ViewController.swift in Sources */ = {isa = PBXBuildFile; fileRef = FA9D2B7321064FF2008ED1EE /* ViewController.swift */; };
		FA9D2B7721064FF2008ED1EE /* Main.storyboard in Resources */ = {isa = PBXBuildFile; fileRef = FA9D2B7521064FF2008ED1EE /* Main.storyboard */; };
		FA9D2B7A21064FF2008ED1EE /* Progress.xcdatamodeld in Sources */ = {isa = PBXBuildFile; fileRef = FA9D2B7821064FF2008ED1EE /* Progress.xcdatamodeld */; };
		FA9D2B7C21064FF4008ED1EE /* Assets.xcassets in Resources */ = {isa = PBXBuildFile; fileRef = FA9D2B7B21064FF4008ED1EE /* Assets.xcassets */; };
		FA9D2B7F21064FF4008ED1EE /* LaunchScreen.storyboard in Resources */ = {isa = PBXBuildFile; fileRef = FA9D2B7D21064FF4008ED1EE /* LaunchScreen.storyboard */; };
		FA9D2B8E21066DF4008ED1EE /* TimerHelper.swift in Sources */ = {isa = PBXBuildFile; fileRef = FA9D2B8D21066DF4008ED1EE /* TimerHelper.swift */; };
		FA9D2B9321067C53008ED1EE /* CoreDataHelper.swift in Sources */ = {isa = PBXBuildFile; fileRef = FA9D2B9221067C53008ED1EE /* CoreDataHelper.swift */; };
		FA9D2B952106868F008ED1EE /* Constants.swift in Sources */ = {isa = PBXBuildFile; fileRef = FA9D2B942106868F008ED1EE /* Constants.swift */; };
/* End PBXBuildFile section */

/* Begin PBXFileReference section */
		FA9D2B6E21064FF2008ED1EE /* Progress.app */ = {isa = PBXFileReference; explicitFileType = wrapper.application; includeInIndex = 0; path = Progress.app; sourceTree = BUILT_PRODUCTS_DIR; };
		FA9D2B7121064FF2008ED1EE /* AppDelegate.swift */ = {isa = PBXFileReference; lastKnownFileType = sourcecode.swift; path = AppDelegate.swift; sourceTree = "<group>"; };
		FA9D2B7321064FF2008ED1EE /* ViewController.swift */ = {isa = PBXFileReference; lastKnownFileType = sourcecode.swift; path = ViewController.swift; sourceTree = "<group>"; };
		FA9D2B7621064FF2008ED1EE /* Base */ = {isa = PBXFileReference; lastKnownFileType = file.storyboard; name = Base; path = Base.lproj/Main.storyboard; sourceTree = "<group>"; };
		FA9D2B7921064FF2008ED1EE /* Progress.xcdatamodel */ = {isa = PBXFileReference; lastKnownFileType = wrapper.xcdatamodel; path = Progress.xcdatamodel; sourceTree = "<group>"; };
		FA9D2B7B21064FF4008ED1EE /* Assets.xcassets */ = {isa = PBXFileReference; lastKnownFileType = folder.assetcatalog; path = Assets.xcassets; sourceTree = "<group>"; };
		FA9D2B7E21064FF4008ED1EE /* Base */ = {isa = PBXFileReference; lastKnownFileType = file.storyboard; name = Base; path = Base.lproj/LaunchScreen.storyboard; sourceTree = "<group>"; };
		FA9D2B8021064FF4008ED1EE /* Info.plist */ = {isa = PBXFileReference; lastKnownFileType = text.plist.xml; path = Info.plist; sourceTree = "<group>"; };
		FA9D2B8D21066DF4008ED1EE /* TimerHelper.swift */ = {isa = PBXFileReference; lastKnownFileType = sourcecode.swift; path = TimerHelper.swift; sourceTree = "<group>"; };
		FA9D2B9221067C53008ED1EE /* CoreDataHelper.swift */ = {isa = PBXFileReference; lastKnownFileType = sourcecode.swift; path = CoreDataHelper.swift; sourceTree = "<group>"; };
		FA9D2B942106868F008ED1EE /* Constants.swift */ = {isa = PBXFileReference; lastKnownFileType = sourcecode.swift; path = Constants.swift; sourceTree = "<group>"; };
/* End PBXFileReference section */

/* Begin PBXFrameworksBuildPhase section */
		FA9D2B6B21064FF2008ED1EE /* Frameworks */ = {
			isa = PBXFrameworksBuildPhase;
			buildActionMask = 2147483647;
			files = (
			);
			runOnlyForDeploymentPostprocessing = 0;
		};
/* End PBXFrameworksBuildPhase section */

/* Begin PBXGroup section */
		FA9D2B6521064FF2008ED1EE = {
			isa = PBXGroup;
			children = (
				FA9D2B7021064FF2008ED1EE /* Progress */,
				FA9D2B6F21064FF2008ED1EE /* Products */,
			);
			sourceTree = "<group>";
		};
		FA9D2B6F21064FF2008ED1EE /* Products */ = {
			isa = PBXGroup;
			children = (
				FA9D2B6E21064FF2008ED1EE /* Progress.app */,
			);
			name = Products;
			sourceTree = "<group>";
		};
		FA9D2B7021064FF2008ED1EE /* Progress */ = {
			isa = PBXGroup;
			children = (
				FA9D2B7121064FF2008ED1EE /* AppDelegate.swift */,
				FA9D2B8F21066FC0008ED1EE /* Models */,
				FA9D2B88210659C7008ED1EE /* Helpers */,
				FA9D2B872106545B008ED1EE /* Storyboards */,
				FA9D2B862106544C008ED1EE /* Controllers */,
				FA9D2B7B21064FF4008ED1EE /* Assets.xcassets */,
				FA9D2B8021064FF4008ED1EE /* Info.plist */,
				FA9D2B7821064FF2008ED1EE /* Progress.xcdatamodeld */,
			);
			path = Progress;
			sourceTree = "<group>";
		};
		FA9D2B862106544C008ED1EE /* Controllers */ = {
			isa = PBXGroup;
			children = (
				FA9D2B7321064FF2008ED1EE /* ViewController.swift */,
			);
			path = Controllers;
			sourceTree = "<group>";
		};
		FA9D2B872106545B008ED1EE /* Storyboards */ = {
			isa = PBXGroup;
			children = (
				FA9D2B7D21064FF4008ED1EE /* LaunchScreen.storyboard */,
				FA9D2B7521064FF2008ED1EE /* Main.storyboard */,
			);
			path = Storyboards;
			sourceTree = "<group>";
		};
		FA9D2B88210659C7008ED1EE /* Helpers */ = {
			isa = PBXGroup;
			children = (
				FA9D2B8D21066DF4008ED1EE /* TimerHelper.swift */,
				FA9D2B9221067C53008ED1EE /* CoreDataHelper.swift */,
				FA9D2B942106868F008ED1EE /* Constants.swift */,
			);
			path = Helpers;
			sourceTree = "<group>";
		};
		FA9D2B8F21066FC0008ED1EE /* Models */ = {
			isa = PBXGroup;
			children = (
			);
			path = Models;
			sourceTree = "<group>";
		};
/* End PBXGroup section */

/* Begin PBXNativeTarget section */
		FA9D2B6D21064FF2008ED1EE /* Progress */ = {
			isa = PBXNativeTarget;
			buildConfigurationList = FA9D2B8321064FF4008ED1EE /* Build configuration list for PBXNativeTarget "Progress" */;
			buildPhases = (
				FA9D2B6A21064FF2008ED1EE /* Sources */,
				FA9D2B6B21064FF2008ED1EE /* Frameworks */,
				FA9D2B6C21064FF2008ED1EE /* Resources */,
			);
			buildRules = (
			);
			dependencies = (
			);
			name = Progress;
			productName = Progress;
			productReference = FA9D2B6E21064FF2008ED1EE /* Progress.app */;
			productType = "com.apple.product-type.application";
		};
/* End PBXNativeTarget section */

/* Begin PBXProject section */
		FA9D2B6621064FF2008ED1EE /* Project object */ = {
			isa = PBXProject;
			attributes = {
				LastSwiftUpdateCheck = 1000;
				LastUpgradeCheck = 1000;
				ORGANIZATIONNAME = RKIV;
				TargetAttributes = {
					FA9D2B6D21064FF2008ED1EE = {
						CreatedOnToolsVersion = 10.0;
						SystemCapabilities = {
							com.apple.BackgroundModes = {
								enabled = 1;
							};
						};
					};
				};
			};
			buildConfigurationList = FA9D2B6921064FF2008ED1EE /* Build configuration list for PBXProject "Progress" */;
			compatibilityVersion = "Xcode 9.3";
			developmentRegion = en;
			hasScannedForEncodings = 0;
			knownRegions = (
				en,
				Base,
			);
			mainGroup = FA9D2B6521064FF2008ED1EE;
			productRefGroup = FA9D2B6F21064FF2008ED1EE /* Products */;
			projectDirPath = "";
			projectRoot = "";
			targets = (
				FA9D2B6D21064FF2008ED1EE /* Progress */,
			);
		};
/* End PBXProject section */

/* Begin PBXResourcesBuildPhase section */
		FA9D2B6C21064FF2008ED1EE /* Resources */ = {
			isa = PBXResourcesBuildPhase;
			buildActionMask = 2147483647;
			files = (
				FA9D2B7F21064FF4008ED1EE /* LaunchScreen.storyboard in Resources */,
				FA9D2B7C21064FF4008ED1EE /* Assets.xcassets in Resources */,
				FA9D2B7721064FF2008ED1EE /* Main.storyboard in Resources */,
			);
			runOnlyForDeploymentPostprocessing = 0;
		};
/* End PBXResourcesBuildPhase section */

/* Begin PBXSourcesBuildPhase section */
		FA9D2B6A21064FF2008ED1EE /* Sources */ = {
			isa = PBXSourcesBuildPhase;
			buildActionMask = 2147483647;
			files = (
				FA9D2B9321067C53008ED1EE /* CoreDataHelper.swift in Sources */,
				FA9D2B7A21064FF2008ED1EE /* Progress.xcdatamodeld in Sources */,
				FA9D2B8E21066DF4008ED1EE /* TimerHelper.swift in Sources */,
				FA9D2B7421064FF2008ED1EE /* ViewController.swift in Sources */,
				FA9D2B7221064FF2008ED1EE /* AppDelegate.swift in Sources */,
				FA9D2B952106868F008ED1EE /* Constants.swift in Sources */,
			);
			runOnlyForDeploymentPostprocessing = 0;
		};
/* End PBXSourcesBuildPhase section */

/* Begin PBXVariantGroup section */
		FA9D2B7521064FF2008ED1EE /* Main.storyboard */ = {
			isa = PBXVariantGroup;
			children = (
				FA9D2B7621064FF2008ED1EE /* Base */,
			);
			name = Main.storyboard;
			sourceTree = "<group>";
		};
		FA9D2B7D21064FF4008ED1EE /* LaunchScreen.storyboard */ = {
			isa = PBXVariantGroup;
			children = (
				FA9D2B7E21064FF4008ED1EE /* Base */,
			);
			name = LaunchScreen.storyboard;
			sourceTree = "<group>";
		};
/* End PBXVariantGroup section */

/* Begin XCBuildConfiguration section */
		FA9D2B8121064FF4008ED1EE /* Debug */ = {
			isa = XCBuildConfiguration;
			buildSettings = {
				ALWAYS_SEARCH_USER_PATHS = NO;
				CLANG_ANALYZER_NONNULL = YES;
				CLANG_ANALYZER_NUMBER_OBJECT_CONVERSION = YES_AGGRESSIVE;
				CLANG_CXX_LANGUAGE_STANDARD = "gnu++14";
				CLANG_CXX_LIBRARY = "libc++";
				CLANG_ENABLE_MODULES = YES;
				CLANG_ENABLE_OBJC_ARC = YES;
				CLANG_ENABLE_OBJC_WEAK = YES;
				CLANG_WARN_BLOCK_CAPTURE_AUTORELEASING = YES;
				CLANG_WARN_BOOL_CONVERSION = YES;
				CLANG_WARN_COMMA = YES;
				CLANG_WARN_CONSTANT_CONVERSION = YES;
				CLANG_WARN_DEPRECATED_OBJC_IMPLEMENTATIONS = YES;
				CLANG_WARN_DIRECT_OBJC_ISA_USAGE = YES_ERROR;
				CLANG_WARN_DOCUMENTATION_COMMENTS = YES;
				CLANG_WARN_EMPTY_BODY = YES;
				CLANG_WARN_ENUM_CONVERSION = YES;
				CLANG_WARN_INFINITE_RECURSION = YES;
				CLANG_WARN_INT_CONVERSION = YES;
				CLANG_WARN_NON_LITERAL_NULL_CONVERSION = YES;
				CLANG_WARN_OBJC_IMPLICIT_RETAIN_SELF = YES;
				CLANG_WARN_OBJC_LITERAL_CONVERSION = YES;
				CLANG_WARN_OBJC_ROOT_CLASS = YES_ERROR;
				CLANG_WARN_RANGE_LOOP_ANALYSIS = YES;
				CLANG_WARN_STRICT_PROTOTYPES = YES;
				CLANG_WARN_SUSPICIOUS_MOVE = YES;
				CLANG_WARN_UNGUARDED_AVAILABILITY = YES_AGGRESSIVE;
				CLANG_WARN_UNREACHABLE_CODE = YES;
				CLANG_WARN__DUPLICATE_METHOD_MATCH = YES;
				CODE_SIGN_IDENTITY = "iPhone Developer";
				COPY_PHASE_STRIP = NO;
				DEBUG_INFORMATION_FORMAT = dwarf;
				ENABLE_STRICT_OBJC_MSGSEND = YES;
				ENABLE_TESTABILITY = YES;
				GCC_C_LANGUAGE_STANDARD = gnu11;
				GCC_DYNAMIC_NO_PIC = NO;
				GCC_NO_COMMON_BLOCKS = YES;
				GCC_OPTIMIZATION_LEVEL = 0;
				GCC_PREPROCESSOR_DEFINITIONS = (
					"DEBUG=1",
					"$(inherited)",
				);
				GCC_WARN_64_TO_32_BIT_CONVERSION = YES;
				GCC_WARN_ABOUT_RETURN_TYPE = YES_ERROR;
				GCC_WARN_UNDECLARED_SELECTOR = YES;
				GCC_WARN_UNINITIALIZED_AUTOS = YES_AGGRESSIVE;
				GCC_WARN_UNUSED_FUNCTION = YES;
				GCC_WARN_UNUSED_VARIABLE = YES;
				IPHONEOS_DEPLOYMENT_TARGET = 12.0;
				MTL_ENABLE_DEBUG_INFO = INCLUDE_SOURCE;
				MTL_FAST_MATH = YES;
				ONLY_ACTIVE_ARCH = YES;
				SDKROOT = iphoneos;
				SWIFT_ACTIVE_COMPILATION_CONDITIONS = DEBUG;
				SWIFT_OPTIMIZATION_LEVEL = "-Onone";
			};
			name = Debug;
		};
		FA9D2B8221064FF4008ED1EE /* Release */ = {
			isa = XCBuildConfiguration;
			buildSettings = {
				ALWAYS_SEARCH_USER_PATHS = NO;
				CLANG_ANALYZER_NONNULL = YES;
				CLANG_ANALYZER_NUMBER_OBJECT_CONVERSION = YES_AGGRESSIVE;
				CLANG_CXX_LANGUAGE_STANDARD = "gnu++14";
				CLANG_CXX_LIBRARY = "libc++";
				CLANG_ENABLE_MODULES = YES;
				CLANG_ENABLE_OBJC_ARC = YES;
				CLANG_ENABLE_OBJC_WEAK = YES;
				CLANG_WARN_BLOCK_CAPTURE_AUTORELEASING = YES;
				CLANG_WARN_BOOL_CONVERSION = YES;
				CLANG_WARN_COMMA = YES;
				CLANG_WARN_CONSTANT_CONVERSION = YES;
				CLANG_WARN_DEPRECATED_OBJC_IMPLEMENTATIONS = YES;
				CLANG_WARN_DIRECT_OBJC_ISA_USAGE = YES_ERROR;
				CLANG_WARN_DOCUMENTATION_COMMENTS = YES;
				CLANG_WARN_EMPTY_BODY = YES;
				CLANG_WARN_ENUM_CONVERSION = YES;
				CLANG_WARN_INFINITE_RECURSION = YES;
				CLANG_WARN_INT_CONVERSION = YES;
				CLANG_WARN_NON_LITERAL_NULL_CONVERSION = YES;
				CLANG_WARN_OBJC_IMPLICIT_RETAIN_SELF = YES;
				CLANG_WARN_OBJC_LITERAL_CONVERSION = YES;
				CLANG_WARN_OBJC_ROOT_CLASS = YES_ERROR;
				CLANG_WARN_RANGE_LOOP_ANALYSIS = YES;
				CLANG_WARN_STRICT_PROTOTYPES = YES;
				CLANG_WARN_SUSPICIOUS_MOVE = YES;
				CLANG_WARN_UNGUARDED_AVAILABILITY = YES_AGGRESSIVE;
				CLANG_WARN_UNREACHABLE_CODE = YES;
				CLANG_WARN__DUPLICATE_METHOD_MATCH = YES;
				CODE_SIGN_IDENTITY = "iPhone Developer";
				COPY_PHASE_STRIP = NO;
				DEBUG_INFORMATION_FORMAT = "dwarf-with-dsym";
				ENABLE_NS_ASSERTIONS = NO;
				ENABLE_STRICT_OBJC_MSGSEND = YES;
				GCC_C_LANGUAGE_STANDARD = gnu11;
				GCC_NO_COMMON_BLOCKS = YES;
				GCC_WARN_64_TO_32_BIT_CONVERSION = YES;
				GCC_WARN_ABOUT_RETURN_TYPE = YES_ERROR;
				GCC_WARN_UNDECLARED_SELECTOR = YES;
				GCC_WARN_UNINITIALIZED_AUTOS = YES_AGGRESSIVE;
				GCC_WARN_UNUSED_FUNCTION = YES;
				GCC_WARN_UNUSED_VARIABLE = YES;
				IPHONEOS_DEPLOYMENT_TARGET = 12.0;
				MTL_ENABLE_DEBUG_INFO = NO;
				MTL_FAST_MATH = YES;
				SDKROOT = iphoneos;
				SWIFT_COMPILATION_MODE = wholemodule;
				SWIFT_OPTIMIZATION_LEVEL = "-O";
				VALIDATE_PRODUCT = YES;
			};
			name = Release;
		};
		FA9D2B8421064FF4008ED1EE /* Debug */ = {
			isa = XCBuildConfiguration;
			buildSettings = {
				ASSETCATALOG_COMPILER_APPICON_NAME = AppIcon;
				CODE_SIGN_STYLE = Automatic;
				DEVELOPMENT_TEAM = 2Z8K4BDAJ4;
				INFOPLIST_FILE = Progress/Info.plist;
				LD_RUNPATH_SEARCH_PATHS = (
					"$(inherited)",
					"@executable_path/Frameworks",
				);
				PRODUCT_BUNDLE_IDENTIFIER = com.RKIV.Progress;
				PRODUCT_NAME = "$(TARGET_NAME)";
				SWIFT_VERSION = 4.2;
				TARGETED_DEVICE_FAMILY = "1,2";
			};
			name = Debug;
		};
		FA9D2B8521064FF4008ED1EE /* Release */ = {
			isa = XCBuildConfiguration;
			buildSettings = {
				ASSETCATALOG_COMPILER_APPICON_NAME = AppIcon;
				CODE_SIGN_STYLE = Automatic;
				DEVELOPMENT_TEAM = 2Z8K4BDAJ4;
				INFOPLIST_FILE = Progress/Info.plist;
				LD_RUNPATH_SEARCH_PATHS = (
					"$(inherited)",
					"@executable_path/Frameworks",
				);
				PRODUCT_BUNDLE_IDENTIFIER = com.RKIV.Progress;
				PRODUCT_NAME = "$(TARGET_NAME)";
				SWIFT_VERSION = 4.2;
				TARGETED_DEVICE_FAMILY = "1,2";
			};
			name = Release;
		};
/* End XCBuildConfiguration section */

/* Begin XCConfigurationList section */
		FA9D2B6921064FF2008ED1EE /* Build configuration list for PBXProject "Progress" */ = {
			isa = XCConfigurationList;
			buildConfigurations = (
				FA9D2B8121064FF4008ED1EE /* Debug */,
				FA9D2B8221064FF4008ED1EE /* Release */,
			);
			defaultConfigurationIsVisible = 0;
			defaultConfigurationName = Release;
		};
		FA9D2B8321064FF4008ED1EE /* Build configuration list for PBXNativeTarget "Progress" */ = {
			isa = XCConfigurationList;
			buildConfigurations = (
				FA9D2B8421064FF4008ED1EE /* Debug */,
				FA9D2B8521064FF4008ED1EE /* Release */,
			);
			defaultConfigurationIsVisible = 0;
			defaultConfigurationName = Release;
		};
/* End XCConfigurationList section */

/* Begin XCVersionGroup section */
		FA9D2B7821064FF2008ED1EE /* Progress.xcdatamodeld */ = {
			isa = XCVersionGroup;
			children = (
				FA9D2B7921064FF2008ED1EE /* Progress.xcdatamodel */,
			);
			currentVersion = FA9D2B7921064FF2008ED1EE /* Progress.xcdatamodel */;
			path = Progress.xcdatamodeld;
			sourceTree = "<group>";
			versionGroupType = wrapper.xcdatamodel;
		};
/* End XCVersionGroup section */
	};
	rootObject = FA9D2B6621064FF2008ED1EE /* Project object */;
}
